
Microsoft Visual Studio Solution File, Format Version 12.00
# Visual Studio Version 17
VisualStudioVersion = 17.0.31521.260
MinimumVisualStudioVersion = 10.0.40219.1
Project("{9A19103F-16F7-4668-BE54-9A1E7A4F7556}") = "LastStopUWFix", "src\LastStopUWFix.csproj", "{DE62D649-9086-42A9-B422-88EF32BB3B62}"
EndProject
Global
	GlobalSection(SolutionConfigurationPlatforms) = preSolution
		Debug|Any CPU = Debug|Any CPU
		Release|Any CPU = Release|Any CPU
	EndGlobalSection
	GlobalSection(ProjectConfigurationPlatforms) = postSolution
		{DE62D649-9086-42A9-B422-88EF32BB3B62}.Debug|Any CPU.ActiveCfg = Debug|Any CPU
		{DE62D649-9086-42A9-B422-88EF32BB3B62}.Debug|Any CPU.Build.0 = Debug|Any CPU
		{DE62D649-9086-42A9-B422-88EF32BB3B62}.Release|Any CPU.ActiveCfg = Release|Any CPU
		{DE62D649-9086-42A9-B422-88EF32BB3B62}.Release|Any CPU.Build.0 = Release|Any CPU
	EndGlobalSection
	GlobalSection(SolutionProperties) = preSolution
		HideSolutionNode = FALSE
	EndGlobalSection
	GlobalSection(ExtensibilityGlobals) = postSolution
		SolutionGuid = {1FDF3CDA-9719-425C-9E69-52560A8DBFD4}
	EndGlobalSection
EndGlobal
